# This file is automatically @generated by Cargo.
# It is not intended for manual editing.
version = 3

[[package]]
name = "cargo-err-bin"
version = "0.1.0"
dependencies = [
 "cargo-err-lib",
]

[[package]]
name = "cargo-err-lib"
version = "0.1.0"
source = "git+https://github.com/jesseglick/cargo-err-lib#8b2df1a86905641a5661cab2a64e170a893f3734"
